# THIS IS AN AUTOGENERATED FILE. DO NOT EDIT THIS FILE DIRECTLY.
# yarn lockfile v1


"@next/env@13.1.2-canary.0":
  version "13.1.2-canary.0"
  resolved "https://registry.yarnpkg.com/@next/env/-/env-13.1.2-canary.0.tgz#f9fc00538c92a0869af4129de48645ac40d1ab76"
  integrity sha512-8IwZJ557A7L81FsDGH64/u1oHgBGNW1zlpVGukFXUPh5XF3j/OMtaPR+gxGa59OTDuWMiydKrikX+1Obv7xwcg==

"@next/swc-android-arm-eabi@13.1.2-canary.0":
  version "13.1.2-canary.0"
  resolved "https://registry.yarnpkg.com/@next/swc-android-arm-eabi/-/swc-android-arm-eabi-13.1.2-canary.0.tgz#5a5b3747301b290dd83b7f885819dca4b9227b1b"
  integrity sha512-h30pxaiAUiZqkYDlcLTIVkXswPB0U3zubjel4ejJ2/SszbQrd9JTfj20Kq25IPjKIYOll8kRr/pIX4iukuGGmw==

"@next/swc-android-arm64@13.1.2-canary.0":
  version "13.1.2-canary.0"
  resolved "https://registry.yarnpkg.com/@next/swc-android-arm64/-/swc-android-arm64-13.1.2-canary.0.tgz#f9bebcc2a217cfb04dec7c3249b94948ae5d7d0b"
  integrity sha512-QNdrO5rFxqHaNBUHYKfo8iGI9VYkyNhxTF/66JVv23IxKneYzS2QyuFH3S2xCxTGtxsQVPmRf1W9UA4dfjU70A==

"@next/swc-darwin-arm64@13.1.2-canary.0":
  version "13.1.2-canary.0"
  resolved "https://registry.yarnpkg.com/@next/swc-darwin-arm64/-/swc-darwin-arm64-13.1.2-canary.0.tgz#3b13600b65dd7504da0bdebdb290b90e520e6480"
  integrity sha512-cJfA2blHqFAWvduKSGNxSE5ttowjIY4yYaGx+cbvq5j48D8Fe8QhWgTLwMVeIE7PA+kUoIsZrxLRoJyNFry6bQ==

"@next/swc-darwin-x64@13.1.2-canary.0":
  version "13.1.2-canary.0"
  resolved "https://registry.yarnpkg.com/@next/swc-darwin-x64/-/swc-darwin-x64-13.1.2-canary.0.tgz#bb84e6ee107a985b97c990b6c8ff29cf0e1bc9fa"
  integrity sha512-9loctTiLf7GyuTAuujH/OOabdAElHoVthpt9ELtgVByE2aUpQJpBdgeVc5SWDozlrxKnuDV+TvFOJaodLiF5BA==

"@next/swc-freebsd-x64@13.1.2-canary.0":
  version "13.1.2-canary.0"
  resolved "https://registry.yarnpkg.com/@next/swc-freebsd-x64/-/swc-freebsd-x64-13.1.2-canary.0.tgz#d5880442c5575a7db4b6d55e698535ece39ff249"
  integrity sha512-ptz2x8HnT8VeFNlZXSF5J2IbaLDZFzGfWcbSvU3PiOCZPMje4ROdnUxTM4yLSFTrw1uA47a8rWlBQxfrO1c/eA==

"@next/swc-linux-arm-gnueabihf@13.1.2-canary.0":
  version "13.1.2-canary.0"
  resolved "https://registry.yarnpkg.com/@next/swc-linux-arm-gnueabihf/-/swc-linux-arm-gnueabihf-13.1.2-canary.0.tgz#aa70c063675a45426df702bae25bbbca0b6b9dac"
  integrity sha512-lzJRomdDC4qZ8W1kmZ24SvyQG2Q8RuAe4F00x4TEuecy4kt+PfDmRRmHpNMr9JIl4/KfYhFSK730dfsVos/f9g==

"@next/swc-linux-arm64-gnu@13.1.2-canary.0":
  version "13.1.2-canary.0"
  resolved "https://registry.yarnpkg.com/@next/swc-linux-arm64-gnu/-/swc-linux-arm64-gnu-13.1.2-canary.0.tgz#4f64f2f1ed8f656baaa5842cec8475a3e8b5435e"
  integrity sha512-EtigR57JBv2l5oHf8FJGUrVfe+Lx60gKrcosnoMoIf9YO9HhSfmbiaueO9heOegSBQVBsbjBhx807WTVqRTT+Q==

"@next/swc-linux-arm64-musl@13.1.2-canary.0":
  version "13.1.2-canary.0"
  resolved "https://registry.yarnpkg.com/@next/swc-linux-arm64-musl/-/swc-linux-arm64-musl-13.1.2-canary.0.tgz#051869f54dbfb26b176119ca335c8f43e82e6fe7"
  integrity sha512-9snjPWQ2JdF8hRzwyOLzHLDPGPkysGRyl34uvG0YQ4/I6Hsk/zVdG7gSVtODMzyNKs6oQTA036SjDq9vGyzpPQ==

"@next/swc-linux-x64-gnu@13.1.2-canary.0":
  version "13.1.2-canary.0"
  resolved "https://registry.yarnpkg.com/@next/swc-linux-x64-gnu/-/swc-linux-x64-gnu-13.1.2-canary.0.tgz#59985be89befc3df0b9ab29e5a324279db6a8b7d"
  integrity sha512-jQyRP7oQwK4EDH8pPZSNS1K94azTDHvGF2fA6QQwxntSB6ek3CS9EGHMzNquV3gsDLtBFP2LdWiQJ3+uWT4qyw==

"@next/swc-linux-x64-musl@13.1.2-canary.0":
  version "13.1.2-canary.0"
  resolved "https://registry.yarnpkg.com/@next/swc-linux-x64-musl/-/swc-linux-x64-musl-13.1.2-canary.0.tgz#f653a91a5f6b9b36ae17eb2fca3369d879433d86"
  integrity sha512-VQHhBjbGXZEAWLP9DG1O0ZG4GltG04oG3TzDjY+NllcAnSiwQ/KwZgwmbAqQqvbYqTEbMmz45YNUqB9MiyMZZg==

"@next/swc-win32-arm64-msvc@13.1.2-canary.0":
  version "13.1.2-canary.0"
  resolved "https://registry.yarnpkg.com/@next/swc-win32-arm64-msvc/-/swc-win32-arm64-msvc-13.1.2-canary.0.tgz#6549819fefaa27a1f018fe1f50b1d312a1cf5993"
  integrity sha512-YOkIOf5iJB32ouK+XJB+yuAKwzXH2r5pXpvJAHH8105tI7B6Bj8GkaUjoMsBb6qSFudE2Axn38r8XRmec4y7Uw==

"@next/swc-win32-ia32-msvc@13.1.2-canary.0":
  version "13.1.2-canary.0"
  resolved "https://registry.yarnpkg.com/@next/swc-win32-ia32-msvc/-/swc-win32-ia32-msvc-13.1.2-canary.0.tgz#44b12918bd3eb7b08d1d80903036cedaf9ab1a1b"
  integrity sha512-wOU1b+8Qma47i5CNlZBparatFxIyEdNTXmjv/ce/C/O34i02uYTBo9iNId8K6OCJ/T9W1o6fRJItHoDKBUg3cg==

"@next/swc-win32-x64-msvc@13.1.2-canary.0":
  version "13.1.2-canary.0"
  resolved "https://registry.yarnpkg.com/@next/swc-win32-x64-msvc/-/swc-win32-x64-msvc-13.1.2-canary.0.tgz#55f0c16a27afd1e851df0f9d74da0cb92c7cf4a9"
  integrity sha512-E/YYo47qCRFIat2G8doU5M09We10xq9K3hPukZHqouwk7gQBj7HUhT5p08FtXytqOljzBzNv5E7ba3aicub1Rw==

"@swc/helpers@0.4.14":
  version "0.4.14"
  resolved "https://registry.yarnpkg.com/@swc/helpers/-/helpers-0.4.14.tgz#1352ac6d95e3617ccb7c1498ff019654f1e12a74"
  integrity sha512-4C7nX/dvpzB7za4Ql9K81xK3HPxCpHMgwTZVyf+9JQ6VUbn9jjZVN7/Nkdz/Ugzs2CSjqnL/UPXroiVBVHUWUw==
  dependencies:
    tslib "^2.4.0"

"@types/node@^18.11.13":
  version "18.11.18"
  resolved "https://registry.yarnpkg.com/@types/node/-/node-18.11.18.tgz#8dfb97f0da23c2293e554c5a50d61ef134d7697f"
  integrity sha512-DHQpWGjyQKSHj3ebjFI/wRKcqQcdR+MoFBygntYOZytCqNfkd2ZC4ARDJ2DQqhjH5p85Nnd3jhUJIXrszFX/JA==

"@types/prop-types@*":
  version "15.7.5"
  resolved "https://registry.yarnpkg.com/@types/prop-types/-/prop-types-15.7.5.tgz#5f19d2b85a98e9558036f6a3cacc8819420f05cf"
  integrity sha512-JCB8C6SnDoQf0cNycqd/35A7MjcnK+ZTqE7judS6o7utxUCg6imJg3QK2qzHKszlTjcj2cn+NwMB2i96ubpj7w==

"@types/react@^18.0.26":
  version "18.0.26"
  resolved "https://registry.yarnpkg.com/@types/react/-/react-18.0.26.tgz#8ad59fc01fef8eaf5c74f4ea392621749f0b7917"
  integrity sha512-hCR3PJQsAIXyxhTNSiDFY//LhnMZWpNNr5etoCqx/iUfGc5gXWtQR2Phl908jVR6uPXacojQWTg4qRpkxTuGug==
  dependencies:
    "@types/prop-types" "*"
    "@types/scheduler" "*"
    csstype "^3.0.2"

"@types/scheduler@*":
  version "0.16.2"
  resolved "https://registry.yarnpkg.com/@types/scheduler/-/scheduler-0.16.2.tgz#1a62f89525723dde24ba1b01b092bf5df8ad4d39"
  integrity sha512-hppQEBDmlwhFAXKJX2KnWLYu5yMfi91yazPb2l+lbJiwW+wdo1gNeRA+3RgNSO39WYX2euey41KEwnqesU2Jew==

caniuse-lite@^1.0.30001406:
  version "1.0.30001442"
  resolved "https://registry.yarnpkg.com/caniuse-lite/-/caniuse-lite-1.0.30001442.tgz#40337f1cf3be7c637b061e2f78582dc1daec0614"
  integrity sha512-239m03Pqy0hwxYPYR5JwOIxRJfLTWtle9FV8zosfV5pHg+/51uD4nxcUlM8+mWWGfwKtt8lJNHnD3cWw9VZ6ow==

client-only@0.0.1:
  version "0.0.1"
  resolved "https://registry.yarnpkg.com/client-only/-/client-only-0.0.1.tgz#38bba5d403c41ab150bff64a95c85013cf73bca1"
  integrity sha512-IV3Ou0jSMzZrd3pZ48nLkT9DA7Ag1pnPzaiQhpW7c3RbcqqzvzzVu+L8gfqMp/8IM2MQtSiqaCxrrcfu8I8rMA==

csstype@^3.0.2:
  version "3.1.1"
  resolved "https://registry.yarnpkg.com/csstype/-/csstype-3.1.1.tgz#841b532c45c758ee546a11d5bd7b7b473c8c30b9"
  integrity sha512-DJR/VvkAvSZW9bTouZue2sSxDwdTN92uHjqeKVm+0dAqdfNykRzQ95tay8aXMBAAPpUiq4Qcug2L7neoRh2Egw==

"js-tokens@^3.0.0 || ^4.0.0":
  version "4.0.0"
  resolved "https://registry.yarnpkg.com/js-tokens/-/js-tokens-4.0.0.tgz#19203fb59991df98e3a287050d4647cdeaf32499"
  integrity sha512-RdJUflcE3cUzKiMqQgsCu06FPu9UdIJO0beYbPhHN4k6apgJtifcoCtT9bcxOpYBtpD2kCM6Sbzg4CausW/PKQ==

loose-envify@^1.1.0:
  version "1.4.0"
  resolved "https://registry.yarnpkg.com/loose-envify/-/loose-envify-1.4.0.tgz#71ee51fa7be4caec1a63839f7e682d8132d30caf"
  integrity sha512-lyuxPGr/Wfhrlem2CL/UcnUc1zcqKAImBDzukY7Y5F/yQiNdko6+fRLevlw1HgMySw7f611UIY408EtxRSoK3Q==
  dependencies:
    js-tokens "^3.0.0 || ^4.0.0"

nanoid@^3.3.4:
  version "3.3.4"
  resolved "https://registry.yarnpkg.com/nanoid/-/nanoid-3.3.4.tgz#730b67e3cd09e2deacf03c027c81c9d9dbc5e8ab"
  integrity sha512-MqBkQh/OHTS2egovRtLk45wEyNXwF+cokD+1YPf9u5VfJiRdAiRwB2froX5Co9Rh20xs4siNPm8naNotSD6RBw==

next@canary:
  version "13.1.2-canary.0"
  resolved "https://registry.yarnpkg.com/next/-/next-13.1.2-canary.0.tgz#7ec6afb9316cde67798e8e672f024e8fbf634b73"
  integrity sha512-EUzXiMtS6tTyqyZnD3WtDPPO8K8lMNfuPd7NaxpDCEBJZ4YbeffiMpco9m5aIJpgt6uQ2TdGOuYl9zKj6WF2gw==
  dependencies:
    "@next/env" "13.1.2-canary.0"
    "@swc/helpers" "0.4.14"
    caniuse-lite "^1.0.30001406"
    postcss "8.4.14"
    styled-jsx "5.1.1"
  optionalDependencies:
    "@next/swc-android-arm-eabi" "13.1.2-canary.0"
    "@next/swc-android-arm64" "13.1.2-canary.0"
    "@next/swc-darwin-arm64" "13.1.2-canary.0"
    "@next/swc-darwin-x64" "13.1.2-canary.0"
    "@next/swc-freebsd-x64" "13.1.2-canary.0"
    "@next/swc-linux-arm-gnueabihf" "13.1.2-canary.0"
    "@next/swc-linux-arm64-gnu" "13.1.2-canary.0"
    "@next/swc-linux-arm64-musl" "13.1.2-canary.0"
    "@next/swc-linux-x64-gnu" "13.1.2-canary.0"
    "@next/swc-linux-x64-musl" "13.1.2-canary.0"
    "@next/swc-win32-arm64-msvc" "13.1.2-canary.0"
    "@next/swc-win32-ia32-msvc" "13.1.2-canary.0"
    "@next/swc-win32-x64-msvc" "13.1.2-canary.0"

picocolors@^1.0.0:
  version "1.0.0"
  resolved "https://registry.yarnpkg.com/picocolors/-/picocolors-1.0.0.tgz#cb5bdc74ff3f51892236eaf79d68bc44564ab81c"
  integrity sha512-1fygroTLlHu66zi26VoTDv8yRgm0Fccecssto+MhsZ0D/DGW2sm8E8AjW7NU5VVTRt5GxbeZ5qBuJr+HyLYkjQ==

postcss@8.4.14:
  version "8.4.14"
  resolved "https://registry.yarnpkg.com/postcss/-/postcss-8.4.14.tgz#ee9274d5622b4858c1007a74d76e42e56fd21caf"
  integrity sha512-E398TUmfAYFPBSdzgeieK2Y1+1cpdxJx8yXbK/m57nRhKSmk1GB2tO4lbLBtlkfPQTDKfe4Xqv1ASWPpayPEig==
  dependencies:
    nanoid "^3.3.4"
    picocolors "^1.0.0"
    source-map-js "^1.0.2"

react-dom@^18.2.0:
  version "18.2.0"
  resolved "https://registry.yarnpkg.com/react-dom/-/react-dom-18.2.0.tgz#22aaf38708db2674ed9ada224ca4aa708d821e3d"
  integrity sha512-6IMTriUmvsjHUjNtEDudZfuDQUoWXVxKHhlEGSk81n4YFS+r/Kl99wXiwlVXtPBtJenozv2P+hxDsw9eA7Xo6g==
  dependencies:
    loose-envify "^1.1.0"
    scheduler "^0.23.0"

react@^18.2.0:
  version "18.2.0"
  resolved "https://registry.yarnpkg.com/react/-/react-18.2.0.tgz#555bd98592883255fa00de14f1151a917b5d77d5"
  integrity sha512-/3IjMdb2L9QbBdWiW5e3P2/npwMBaU9mHCSCUzNln0ZCYbcfTsGbTJrU/kGemdH2IWmB2ioZ+zkxtmq6g09fGQ==
  dependencies:
    loose-envify "^1.1.0"

scheduler@^0.23.0:
  version "0.23.0"
  resolved "https://registry.yarnpkg.com/scheduler/-/scheduler-0.23.0.tgz#ba8041afc3d30eb206a487b6b384002e4e61fdfe"
  integrity sha512-CtuThmgHNg7zIZWAXi3AsyIzA3n4xx7aNyjwC2VJldO2LMVDhFK+63xGqq6CsJH4rTAt6/M+N4GhZiDYPx9eUw==
  dependencies:
    loose-envify "^1.1.0"

source-map-js@^1.0.2:
  version "1.0.2"
  resolved "https://registry.yarnpkg.com/source-map-js/-/source-map-js-1.0.2.tgz#adbc361d9c62df380125e7f161f71c826f1e490c"
  integrity sha512-R0XvVJ9WusLiqTCEiGCmICCMplcCkIwwR11mOSD9CR5u+IXYdiseeEuXCVAjS54zqwkLcPNnmU4OeJ6tUrWhDw==

styled-jsx@5.1.1:
  version "5.1.1"
  resolved "https://registry.yarnpkg.com/styled-jsx/-/styled-jsx-5.1.1.tgz#839a1c3aaacc4e735fed0781b8619ea5d0009d1f"
  integrity sha512-pW7uC1l4mBZ8ugbiZrcIsiIvVx1UmTfw7UkC3Um2tmfUq9Bhk8IiyEIPl6F8agHgjzku6j0xQEZbfA5uSgSaCw==
  dependencies:
    client-only "0.0.1"

tslib@^2.4.0:
  version "2.4.1"
  resolved "https://registry.yarnpkg.com/tslib/-/tslib-2.4.1.tgz#0d0bfbaac2880b91e22df0768e55be9753a5b17e"
  integrity sha512-tGyy4dAjRIEwI7BzsB0lynWgOpfqjUdq91XXAlIWD2OwKBH7oCl/GZG/HT4BOHrTlPMOASlMQ7veyTqpmRcrNA==

typescript@^4.9.4:
  version "4.9.4"
  resolved "https://registry.yarnpkg.com/typescript/-/typescript-4.9.4.tgz#a2a3d2756c079abda241d75f149df9d561091e78"
  integrity sha512-Uz+dTXYzxXXbsFpM86Wh3dKCxrQqUcVMxwU54orwlJjOpO3ao8L7j5lH+dWfTwgCwIuM9GQ2kvVotzYJMXTBZg==
